PODS:
  - TextFieldEffects (1.5.1)

DEPENDENCIES:
  - TextFieldEffects

SPEC REPOS:
  https://github.com/cocoapods/specs.git:
    - TextFieldEffects

SPEC CHECKSUMS:
  TextFieldEffects: 7d372f58aeaf9acd9626bbf962680aef926b085d

PODFILE CHECKSUM: 826d1548b893c313a97050cb6819cb82be218d1b

COCOAPODS: 1.6.1
