// !$*UTF8*$!
{
	archiveVersion = 1;
	classes = {
	};
	objectVersion = 50;
	objects = {

/* Begin PBXBuildFile section */
		353E026C46F2466871DDD974 /* Pods_PawnStars_iOS.framework in Frameworks */ = {isa = PBXBuildFile; fileRef = 8727BD731E11CF4EB441680F /* Pods_PawnStars_iOS.framework */; };
		6838C9E5224B0ABE00FB802A /* AppDelegate.swift in Sources */ = {isa = PBXBuildFile; fileRef = 6838C9E4224B0ABE00FB802A /* AppDelegate.swift */; };
		6838C9E7224B0ABE00FB802A /* MainVC.swift in Sources */ = {isa = PBXBuildFile; fileRef = 6838C9E6224B0ABE00FB802A /* MainVC.swift */; };
		6838C9EA224B0ABE00FB802A /* Main.storyboard in Resources */ = {isa = PBXBuildFile; fileRef = 6838C9E8224B0ABE00FB802A /* Main.storyboard */; };
		6838C9ED224B0ABE00FB802A /* PawnStars_iOS.xcdatamodeld in Sources */ = {isa = PBXBuildFile; fileRef = 6838C9EB224B0ABE00FB802A /* PawnStars_iOS.xcdatamodeld */; };
		6838C9EF224B0ABF00FB802A /* Assets.xcassets in Resources */ = {isa = PBXBuildFile; fileRef = 6838C9EE224B0ABF00FB802A /* Assets.xcassets */; };
		6838C9F2224B0ABF00FB802A /* LaunchScreen.storyboard in Resources */ = {isa = PBXBuildFile; fileRef = 6838C9F0224B0ABF00FB802A /* LaunchScreen.storyboard */; };
		6838C9FD224B0ABF00FB802A /* PawnStars_iOSTests.swift in Sources */ = {isa = PBXBuildFile; fileRef = 6838C9FC224B0ABF00FB802A /* PawnStars_iOSTests.swift */; };
		6838CA08224B0ABF00FB802A /* PawnStars_iOSUITests.swift in Sources */ = {isa = PBXBuildFile; fileRef = 6838CA07224B0ABF00FB802A /* PawnStars_iOSUITests.swift */; };
		6838CA1A224B112500FB802A /* PawnList.storyboard in Resources */ = {isa = PBXBuildFile; fileRef = 6838CA19224B112500FB802A /* PawnList.storyboard */; };
		6838CA1C224B113700FB802A /* Chatting.storyboard in Resources */ = {isa = PBXBuildFile; fileRef = 6838CA1B224B113700FB802A /* Chatting.storyboard */; };
		6838CA1E224B117F00FB802A /* Writing.storyboard in Resources */ = {isa = PBXBuildFile; fileRef = 6838CA1D224B117F00FB802A /* Writing.storyboard */; };
		6838CA20224B11E700FB802A /* MyPage.storyboard in Resources */ = {isa = PBXBuildFile; fileRef = 6838CA1F224B11E700FB802A /* MyPage.storyboard */; };
		6838CA22224B12B300FB802A /* Flex.storyboard in Resources */ = {isa = PBXBuildFile; fileRef = 6838CA21224B12B300FB802A /* Flex.storyboard */; };
		6838CA29224B143900FB802A /* PawnListVC.swift in Sources */ = {isa = PBXBuildFile; fileRef = 6838CA28224B143900FB802A /* PawnListVC.swift */; };
		6838CA2B224B146700FB802A /* FlexVC.swift in Sources */ = {isa = PBXBuildFile; fileRef = 6838CA2A224B146700FB802A /* FlexVC.swift */; };
		6838CA2D224B149900FB802A /* ChattingVC.swift in Sources */ = {isa = PBXBuildFile; fileRef = 6838CA2C224B149900FB802A /* ChattingVC.swift */; };
		6838CA2F224B14AC00FB802A /* WritingVC.swift in Sources */ = {isa = PBXBuildFile; fileRef = 6838CA2E224B14AC00FB802A /* WritingVC.swift */; };
		6838CA31224B14DC00FB802A /* MyPageVC.swift in Sources */ = {isa = PBXBuildFile; fileRef = 6838CA30224B14DC00FB802A /* MyPageVC.swift */; };
		6838CA33224B178E00FB802A /* Shape.swift in Sources */ = {isa = PBXBuildFile; fileRef = 6838CA32224B178E00FB802A /* Shape.swift */; };
		6838CA35224B179700FB802A /* Base.swift in Sources */ = {isa = PBXBuildFile; fileRef = 6838CA34224B179700FB802A /* Base.swift */; };
		6838CA37224B17A700FB802A /* Colors.swift in Sources */ = {isa = PBXBuildFile; fileRef = 6838CA36224B17A700FB802A /* Colors.swift */; };
		683A20DD2266A25000CBF74A /* Connector.swift in Sources */ = {isa = PBXBuildFile; fileRef = 683A20DC2266A25000CBF74A /* Connector.swift */; };
		683A20DF2266AEBF00CBF74A /* Api.swift in Sources */ = {isa = PBXBuildFile; fileRef = 683A20DE2266AEBF00CBF74A /* Api.swift */; };
		683A20E12266AF3100CBF74A /* ApiResponses.swift in Sources */ = {isa = PBXBuildFile; fileRef = 683A20E02266AF3100CBF74A /* ApiResponses.swift */; };
		684448FD224D9EFB00B5A002 /* filterIcon.png in Resources */ = {isa = PBXBuildFile; fileRef = 684448FA224D9EFB00B5A002 /* filterIcon.png */; };
		684448FE224D9EFB00B5A002 /* filterIcon@3x.png in Resources */ = {isa = PBXBuildFile; fileRef = 684448FB224D9EFB00B5A002 /* filterIcon@3x.png */; };
		68444900224DA27D00B5A002 /* filterIcon@2x.png in Resources */ = {isa = PBXBuildFile; fileRef = 684448FC224D9EFB00B5A002 /* filterIcon@2x.png */; };
		68444904224DA8FE00B5A002 /* locationIcon@2x.png in Resources */ = {isa = PBXBuildFile; fileRef = 68444901224DA8FD00B5A002 /* locationIcon@2x.png */; };
		68444905224DA8FE00B5A002 /* locationIcon@3x.png in Resources */ = {isa = PBXBuildFile; fileRef = 68444902224DA8FE00B5A002 /* locationIcon@3x.png */; };
		68444906224DA8FE00B5A002 /* locationIcon.png in Resources */ = {isa = PBXBuildFile; fileRef = 68444903224DA8FE00B5A002 /* locationIcon.png */; };
		6850D40D2264632B00536F9A /* APIProtocol.swift in Sources */ = {isa = PBXBuildFile; fileRef = 6850D40C2264632B00536F9A /* APIProtocol.swift */; };
		B2DB809BF5DBE17A1EB73D04 /* Pods_PawnStars_iOSTests.framework in Frameworks */ = {isa = PBXBuildFile; fileRef = D519196F4F62E43012E16369 /* Pods_PawnStars_iOSTests.framework */; };
		C900977222919CEB00275B58 /* FlexDetailViewModel.swift in Sources */ = {isa = PBXBuildFile; fileRef = C900977122919CEB00275B58 /* FlexDetailViewModel.swift */; };
		C900977422919D2300275B58 /* FlexDetailVC.swift in Sources */ = {isa = PBXBuildFile; fileRef = C900977322919D2300275B58 /* FlexDetailVC.swift */; };
		C90C5AA4229E1F6E003EB3C9 /* WritingAPI.swift in Sources */ = {isa = PBXBuildFile; fileRef = C90C5AA3229E1F6E003EB3C9 /* WritingAPI.swift */; };
		C90C5AA7229E2211003EB3C9 /* WritingSellerModel.swift in Sources */ = {isa = PBXBuildFile; fileRef = C90C5AA6229E2211003EB3C9 /* WritingSellerModel.swift */; };
		C91805B1228E4E3900C0F0D5 /* FlexDetailModel.swift in Sources */ = {isa = PBXBuildFile; fileRef = C91805B0228E4E3900C0F0D5 /* FlexDetailModel.swift */; };
		C94D229A2266BA0000395826 /* SignInViewModel.swift in Sources */ = {isa = PBXBuildFile; fileRef = C94D22992266BA0000395826 /* SignInViewModel.swift */; };
		C94D229C2266BA1100395826 /* SignUpViewModel.swift in Sources */ = {isa = PBXBuildFile; fileRef = C94D229B2266BA1100395826 /* SignUpViewModel.swift */; };
		C94D22A92266F60100395826 /* SignUpContentSecondVC.swift in Sources */ = {isa = PBXBuildFile; fileRef = C94D22A72266F60100395826 /* SignUpContentSecondVC.swift */; };
		C94D22AA2266F60100395826 /* SignUpContentFirstVC.swift in Sources */ = {isa = PBXBuildFile; fileRef = C94D22A82266F60100395826 /* SignUpContentFirstVC.swift */; };
		C94D22AE226701AF00395826 /* AccountAPI.swift in Sources */ = {isa = PBXBuildFile; fileRef = C94D22AD226701AF00395826 /* AccountAPI.swift */; };
		C990617622961E6700FBAB64 /* grayFlexIcon.png in Resources */ = {isa = PBXBuildFile; fileRef = C990617522961E6600FBAB64 /* grayFlexIcon.png */; };
		C990617822962E3000FBAB64 /* FlexDetailContentViewModel.swift in Sources */ = {isa = PBXBuildFile; fileRef = C990617722962E3000FBAB64 /* FlexDetailContentViewModel.swift */; };
		C990617A2296A85A00FBAB64 /* RxExtensions.swift in Sources */ = {isa = PBXBuildFile; fileRef = C99061792296A85A00FBAB64 /* RxExtensions.swift */; };
		C991B994228506A20040CC8B /* FlexListModel.swift in Sources */ = {isa = PBXBuildFile; fileRef = C991B993228506A20040CC8B /* FlexListModel.swift */; };
		C991B99622855E730040CC8B /* FlexAPI.swift in Sources */ = {isa = PBXBuildFile; fileRef = C991B99522855E730040CC8B /* FlexAPI.swift */; };
		C991B99922856C670040CC8B /* FlexViewModel.swift in Sources */ = {isa = PBXBuildFile; fileRef = C991B99822856C670040CC8B /* FlexViewModel.swift */; };
		C994208322792CFC004CF8F5 /* SignUpLocationVC.swift in Sources */ = {isa = PBXBuildFile; fileRef = C994208222792CFC004CF8F5 /* SignUpLocationVC.swift */; };
		C9A0A3EE224B37290085756E /* SignIn.storyboard in Resources */ = {isa = PBXBuildFile; fileRef = C9A0A3ED224B37290085756E /* SignIn.storyboard */; };
		C9A0A3F5224B4E080085756E /* SignInVC.swift in Sources */ = {isa = PBXBuildFile; fileRef = C9A0A3F4224B4E080085756E /* SignInVC.swift */; };
		C9A0A3F7224B55AE0085756E /* appIconImage.png in Resources */ = {isa = PBXBuildFile; fileRef = C9A0A3F6224B55AE0085756E /* appIconImage.png */; };
		C9A0A3F9224B568A0085756E /* appIconWhiteImage.png in Resources */ = {isa = PBXBuildFile; fileRef = C9A0A3F8224B56890085756E /* appIconWhiteImage.png */; };
		C9A0A3FB224B64860085756E /* buyerIcon.png in Resources */ = {isa = PBXBuildFile; fileRef = C9A0A3FA224B64860085756E /* buyerIcon.png */; };
		C9A0A3FD224B648B0085756E /* pawnIcon.png in Resources */ = {isa = PBXBuildFile; fileRef = C9A0A3FC224B648B0085756E /* pawnIcon.png */; };
		C9A0A3FF224B66140085756E /* SignUpVC.swift in Sources */ = {isa = PBXBuildFile; fileRef = C9A0A3FE224B66140085756E /* SignUpVC.swift */; };
		C9B76C0D229FEDA300B01DB7 /* WritingSellerHistoryModel.swift in Sources */ = {isa = PBXBuildFile; fileRef = C9B76C0C229FEDA300B01DB7 /* WritingSellerHistoryModel.swift */; };
		C9C2154E2294E34A008F64E4 /* FlexDetailContentVC.swift in Sources */ = {isa = PBXBuildFile; fileRef = C9C2154D2294E34A008F64E4 /* FlexDetailContentVC.swift */; };
		C9CA8A722297D45700B5F3B8 /* WritingViewModel.swift in Sources */ = {isa = PBXBuildFile; fileRef = C9CA8A712297D45600B5F3B8 /* WritingViewModel.swift */; };
		C9CA8A752297F79500B5F3B8 /* WritingSellerVC.swift in Sources */ = {isa = PBXBuildFile; fileRef = C9CA8A742297F79500B5F3B8 /* WritingSellerVC.swift */; };
		C9CA8A772297F7A300B5F3B8 /* WritingBuyerVC.swift in Sources */ = {isa = PBXBuildFile; fileRef = C9CA8A762297F7A300B5F3B8 /* WritingBuyerVC.swift */; };
		C9CA8A792297FED400B5F3B8 /* WritingSellerViewModel.swift in Sources */ = {isa = PBXBuildFile; fileRef = C9CA8A782297FED400B5F3B8 /* WritingSellerViewModel.swift */; };
		C9CF5C2A22893B300026D5FD /* flexIcon.png in Resources */ = {isa = PBXBuildFile; fileRef = C9CF5C2922893B300026D5FD /* flexIcon.png */; };
		C9CF5C2C22893B370026D5FD /* goIcon.png in Resources */ = {isa = PBXBuildFile; fileRef = C9CF5C2B22893B370026D5FD /* goIcon.png */; };
		C9F8B4AB227A704900B5F4D9 /* SignInModel.swift in Sources */ = {isa = PBXBuildFile; fileRef = C9F8B4AA227A704900B5F4D9 /* SignInModel.swift */; };
		C9F8B4AD227A709100B5F4D9 /* ViewModelType.swift in Sources */ = {isa = PBXBuildFile; fileRef = C9F8B4AC227A709100B5F4D9 /* ViewModelType.swift */; };
		C9FAC4272296E5EB000FCE88 /* IsSellerModel.swift in Sources */ = {isa = PBXBuildFile; fileRef = C9FAC4262296E5EB000FCE88 /* IsSellerModel.swift */; };
		E651E6CB4C6E2C74CFAF7D47 /* Pods_PawnStars_iOSUITests.framework in Frameworks */ = {isa = PBXBuildFile; fileRef = 4D4B20795106F1E6B77A1298 /* Pods_PawnStars_iOSUITests.framework */; };
/* End PBXBuildFile section */

/* Begin PBXContainerItemProxy section */
		6838C9F9224B0ABF00FB802A /* PBXContainerItemProxy */ = {
			isa = PBXContainerItemProxy;
			containerPortal = 6838C9D9224B0ABE00FB802A /* Project object */;
			proxyType = 1;
			remoteGlobalIDString = 6838C9E0224B0ABE00FB802A;
			remoteInfo = "PawnStars-iOS";
		};
		6838CA04224B0ABF00FB802A /* PBXContainerItemProxy */ = {
			isa = PBXContainerItemProxy;
			containerPortal = 6838C9D9224B0ABE00FB802A /* Project object */;
			proxyType = 1;
			remoteGlobalIDString = 6838C9E0224B0ABE00FB802A;
			remoteInfo = "PawnStars-iOS";
		};
/* End PBXContainerItemProxy section */

/* Begin PBXFileReference section */
		1FA07F8B0DAEE704F188AAE8 /* Pods-PawnStars-iOSUITests.release.xcconfig */ = {isa = PBXFileReference; includeInIndex = 1; lastKnownFileType = text.xcconfig; name = "Pods-PawnStars-iOSUITests.release.xcconfig"; path = "Pods/Target Support Files/Pods-PawnStars-iOSUITests/Pods-PawnStars-iOSUITests.release.xcconfig"; sourceTree = "<group>"; };
		4D4B20795106F1E6B77A1298 /* Pods_PawnStars_iOSUITests.framework */ = {isa = PBXFileReference; explicitFileType = wrapper.framework; includeInIndex = 0; path = Pods_PawnStars_iOSUITests.framework; sourceTree = BUILT_PRODUCTS_DIR; };
		6838C9E1224B0ABE00FB802A /* PawnStars-iOS.app */ = {isa = PBXFileReference; explicitFileType = wrapper.application; includeInIndex = 0; path = "PawnStars-iOS.app"; sourceTree = BUILT_PRODUCTS_DIR; };
		6838C9E4224B0ABE00FB802A /* AppDelegate.swift */ = {isa = PBXFileReference; lastKnownFileType = sourcecode.swift; path = AppDelegate.swift; sourceTree = "<group>"; };
		6838C9E6224B0ABE00FB802A /* MainVC.swift */ = {isa = PBXFileReference; lastKnownFileType = sourcecode.swift; path = MainVC.swift; sourceTree = "<group>"; };
		6838C9E9224B0ABE00FB802A /* Base */ = {isa = PBXFileReference; lastKnownFileType = file.storyboard; name = Base; path = Base.lproj/Main.storyboard; sourceTree = "<group>"; };
		6838C9EC224B0ABE00FB802A /* PawnStars_iOS.xcdatamodel */ = {isa = PBXFileReference; lastKnownFileType = wrapper.xcdatamodel; path = PawnStars_iOS.xcdatamodel; sourceTree = "<group>"; };
		6838C9EE224B0ABF00FB802A /* Assets.xcassets */ = {isa = PBXFileReference; lastKnownFileType = folder.assetcatalog; path = Assets.xcassets; sourceTree = "<group>"; };
		6838C9F1224B0ABF00FB802A /* Base */ = {isa = PBXFileReference; lastKnownFileType = file.storyboard; name = Base; path = Base.lproj/LaunchScreen.storyboard; sourceTree = "<group>"; };
		6838C9F3224B0ABF00FB802A /* Info.plist */ = {isa = PBXFileReference; lastKnownFileType = text.plist.xml; path = Info.plist; sourceTree = "<group>"; };
		6838C9F8224B0ABF00FB802A /* PawnStars-iOSTests.xctest */ = {isa = PBXFileReference; explicitFileType = wrapper.cfbundle; includeInIndex = 0; path = "PawnStars-iOSTests.xctest"; sourceTree = BUILT_PRODUCTS_DIR; };
		6838C9FC224B0ABF00FB802A /* PawnStars_iOSTests.swift */ = {isa = PBXFileReference; lastKnownFileType = sourcecode.swift; path = PawnStars_iOSTests.swift; sourceTree = "<group>"; };
		6838C9FE224B0ABF00FB802A /* Info.plist */ = {isa = PBXFileReference; lastKnownFileType = text.plist.xml; path = Info.plist; sourceTree = "<group>"; };
		6838CA03224B0ABF00FB802A /* PawnStars-iOSUITests.xctest */ = {isa = PBXFileReference; explicitFileType = wrapper.cfbundle; includeInIndex = 0; path = "PawnStars-iOSUITests.xctest"; sourceTree = BUILT_PRODUCTS_DIR; };
		6838CA07224B0ABF00FB802A /* PawnStars_iOSUITests.swift */ = {isa = PBXFileReference; lastKnownFileType = sourcecode.swift; path = PawnStars_iOSUITests.swift; sourceTree = "<group>"; };
		6838CA09224B0ABF00FB802A /* Info.plist */ = {isa = PBXFileReference; lastKnownFileType = text.plist.xml; path = Info.plist; sourceTree = "<group>"; };
		6838CA19224B112500FB802A /* PawnList.storyboard */ = {isa = PBXFileReference; lastKnownFileType = file.storyboard; path = PawnList.storyboard; sourceTree = "<group>"; };
		6838CA1B224B113700FB802A /* Chatting.storyboard */ = {isa = PBXFileReference; lastKnownFileType = file.storyboard; path = Chatting.storyboard; sourceTree = "<group>"; };
		6838CA1D224B117F00FB802A /* Writing.storyboard */ = {isa = PBXFileReference; lastKnownFileType = file.storyboard; path = Writing.storyboard; sourceTree = "<group>"; };
		6838CA1F224B11E700FB802A /* MyPage.storyboard */ = {isa = PBXFileReference; lastKnownFileType = file.storyboard; path = MyPage.storyboard; sourceTree = "<group>"; };
		6838CA21224B12B300FB802A /* Flex.storyboard */ = {isa = PBXFileReference; lastKnownFileType = file.storyboard; path = Flex.storyboard; sourceTree = "<group>"; };
		6838CA28224B143900FB802A /* PawnListVC.swift */ = {isa = PBXFileReference; lastKnownFileType = sourcecode.swift; path = PawnListVC.swift; sourceTree = "<group>"; };
		6838CA2A224B146700FB802A /* FlexVC.swift */ = {isa = PBXFileReference; lastKnownFileType = sourcecode.swift; path = FlexVC.swift; sourceTree = "<group>"; };
		6838CA2C224B149900FB802A /* ChattingVC.swift */ = {isa = PBXFileReference; lastKnownFileType = sourcecode.swift; path = ChattingVC.swift; sourceTree = "<group>"; };
		6838CA2E224B14AC00FB802A /* WritingVC.swift */ = {isa = PBXFileReference; lastKnownFileType = sourcecode.swift; path = WritingVC.swift; sourceTree = "<group>"; };
		6838CA30224B14DC00FB802A /* MyPageVC.swift */ = {isa = PBXFileReference; lastKnownFileType = sourcecode.swift; path = MyPageVC.swift; sourceTree = "<group>"; };
		6838CA32224B178E00FB802A /* Shape.swift */ = {isa = PBXFileReference; lastKnownFileType = sourcecode.swift; path = Shape.swift; sourceTree = "<group>"; };
		6838CA34224B179700FB802A /* Base.swift */ = {isa = PBXFileReference; lastKnownFileType = sourcecode.swift; path = Base.swift; sourceTree = "<group>"; };
		6838CA36224B17A700FB802A /* Colors.swift */ = {isa = PBXFileReference; lastKnownFileType = sourcecode.swift; path = Colors.swift; sourceTree = "<group>"; };
		683A20DC2266A25000CBF74A /* Connector.swift */ = {isa = PBXFileReference; lastKnownFileType = sourcecode.swift; path = Connector.swift; sourceTree = "<group>"; };
		683A20DE2266AEBF00CBF74A /* Api.swift */ = {isa = PBXFileReference; lastKnownFileType = sourcecode.swift; path = Api.swift; sourceTree = "<group>"; };
		683A20E02266AF3100CBF74A /* ApiResponses.swift */ = {isa = PBXFileReference; lastKnownFileType = sourcecode.swift; path = ApiResponses.swift; sourceTree = "<group>"; };
		684448FA224D9EFB00B5A002 /* filterIcon.png */ = {isa = PBXFileReference; lastKnownFileType = image.png; path = filterIcon.png; sourceTree = "<group>"; };
		684448FB224D9EFB00B5A002 /* filterIcon@3x.png */ = {isa = PBXFileReference; lastKnownFileType = image.png; path = "filterIcon@3x.png"; sourceTree = "<group>"; };
		684448FC224D9EFB00B5A002 /* filterIcon@2x.png */ = {isa = PBXFileReference; lastKnownFileType = image.png; path = "filterIcon@2x.png"; sourceTree = "<group>"; };
		68444901224DA8FD00B5A002 /* locationIcon@2x.png */ = {isa = PBXFileReference; lastKnownFileType = image.png; path = "locationIcon@2x.png"; sourceTree = "<group>"; };
		68444902224DA8FE00B5A002 /* locationIcon@3x.png */ = {isa = PBXFileReference; lastKnownFileType = image.png; path = "locationIcon@3x.png"; sourceTree = "<group>"; };
		68444903224DA8FE00B5A002 /* locationIcon.png */ = {isa = PBXFileReference; lastKnownFileType = image.png; path = locationIcon.png; sourceTree = "<group>"; };
		6850D40C2264632B00536F9A /* APIProtocol.swift */ = {isa = PBXFileReference; lastKnownFileType = sourcecode.swift; path = APIProtocol.swift; sourceTree = "<group>"; };
		83A749B205217C40CF08841C /* Pods-PawnStars-iOSTests.release.xcconfig */ = {isa = PBXFileReference; includeInIndex = 1; lastKnownFileType = text.xcconfig; name = "Pods-PawnStars-iOSTests.release.xcconfig"; path = "Pods/Target Support Files/Pods-PawnStars-iOSTests/Pods-PawnStars-iOSTests.release.xcconfig"; sourceTree = "<group>"; };
		85AB777F8624D39841C109E8 /* Pods-PawnStars-iOS.release.xcconfig */ = {isa = PBXFileReference; includeInIndex = 1; lastKnownFileType = text.xcconfig; name = "Pods-PawnStars-iOS.release.xcconfig"; path = "Pods/Target Support Files/Pods-PawnStars-iOS/Pods-PawnStars-iOS.release.xcconfig"; sourceTree = "<group>"; };
		8727BD731E11CF4EB441680F /* Pods_PawnStars_iOS.framework */ = {isa = PBXFileReference; explicitFileType = wrapper.framework; includeInIndex = 0; path = Pods_PawnStars_iOS.framework; sourceTree = BUILT_PRODUCTS_DIR; };
		8D1C88F2C9D77CC8C11F4594 /* Pods-PawnStars-iOS.debug.xcconfig */ = {isa = PBXFileReference; includeInIndex = 1; lastKnownFileType = text.xcconfig; name = "Pods-PawnStars-iOS.debug.xcconfig"; path = "Pods/Target Support Files/Pods-PawnStars-iOS/Pods-PawnStars-iOS.debug.xcconfig"; sourceTree = "<group>"; };
		BD24F9D65AEC7A8D909F0E50 /* Pods-PawnStars-iOSTests.debug.xcconfig */ = {isa = PBXFileReference; includeInIndex = 1; lastKnownFileType = text.xcconfig; name = "Pods-PawnStars-iOSTests.debug.xcconfig"; path = "Pods/Target Support Files/Pods-PawnStars-iOSTests/Pods-PawnStars-iOSTests.debug.xcconfig"; sourceTree = "<group>"; };
		C900977122919CEB00275B58 /* FlexDetailViewModel.swift */ = {isa = PBXFileReference; lastKnownFileType = sourcecode.swift; path = FlexDetailViewModel.swift; sourceTree = "<group>"; };
		C900977322919D2300275B58 /* FlexDetailVC.swift */ = {isa = PBXFileReference; lastKnownFileType = sourcecode.swift; path = FlexDetailVC.swift; sourceTree = "<group>"; };
		C90C5AA3229E1F6E003EB3C9 /* WritingAPI.swift */ = {isa = PBXFileReference; lastKnownFileType = sourcecode.swift; path = WritingAPI.swift; sourceTree = "<group>"; };
		C90C5AA6229E2211003EB3C9 /* WritingSellerModel.swift */ = {isa = PBXFileReference; lastKnownFileType = sourcecode.swift; path = WritingSellerModel.swift; sourceTree = "<group>"; };
		C90D7E2240A283B1606338D3 /* Pods-PawnStars-iOSUITests.debug.xcconfig */ = {isa = PBXFileReference; includeInIndex = 1; lastKnownFileType = text.xcconfig; name = "Pods-PawnStars-iOSUITests.debug.xcconfig"; path = "Pods/Target Support Files/Pods-PawnStars-iOSUITests/Pods-PawnStars-iOSUITests.debug.xcconfig"; sourceTree = "<group>"; };
		C91805B0228E4E3900C0F0D5 /* FlexDetailModel.swift */ = {isa = PBXFileReference; lastKnownFileType = sourcecode.swift; path = FlexDetailModel.swift; sourceTree = "<group>"; };
		C94D22992266BA0000395826 /* SignInViewModel.swift */ = {isa = PBXFileReference; fileEncoding = 4; lastKnownFileType = sourcecode.swift; name = SignInViewModel.swift; path = SignIn/SignInViewModel.swift; sourceTree = "<group>"; };
		C94D229B2266BA1100395826 /* SignUpViewModel.swift */ = {isa = PBXFileReference; fileEncoding = 4; lastKnownFileType = sourcecode.swift; name = SignUpViewModel.swift; path = SignIn/SignUpViewModel.swift; sourceTree = "<group>"; };
		C94D22A72266F60100395826 /* SignUpContentSecondVC.swift */ = {isa = PBXFileReference; fileEncoding = 4; lastKnownFileType = sourcecode.swift; path = SignUpContentSecondVC.swift; sourceTree = "<group>"; };
		C94D22A82266F60100395826 /* SignUpContentFirstVC.swift */ = {isa = PBXFileReference; fileEncoding = 4; lastKnownFileType = sourcecode.swift; path = SignUpContentFirstVC.swift; sourceTree = "<group>"; };
		C94D22AD226701AF00395826 /* AccountAPI.swift */ = {isa = PBXFileReference; lastKnownFileType = sourcecode.swift; path = AccountAPI.swift; sourceTree = "<group>"; };
		C990617522961E6600FBAB64 /* grayFlexIcon.png */ = {isa = PBXFileReference; lastKnownFileType = image.png; path = grayFlexIcon.png; sourceTree = "<group>"; };
		C990617722962E3000FBAB64 /* FlexDetailContentViewModel.swift */ = {isa = PBXFileReference; lastKnownFileType = sourcecode.swift; path = FlexDetailContentViewModel.swift; sourceTree = "<group>"; };
		C99061792296A85A00FBAB64 /* RxExtensions.swift */ = {isa = PBXFileReference; lastKnownFileType = sourcecode.swift; path = RxExtensions.swift; sourceTree = "<group>"; };
		C991B993228506A20040CC8B /* FlexListModel.swift */ = {isa = PBXFileReference; lastKnownFileType = sourcecode.swift; path = FlexListModel.swift; sourceTree = "<group>"; };
		C991B99522855E730040CC8B /* FlexAPI.swift */ = {isa = PBXFileReference; lastKnownFileType = sourcecode.swift; path = FlexAPI.swift; sourceTree = "<group>"; };
		C991B99822856C670040CC8B /* FlexViewModel.swift */ = {isa = PBXFileReference; lastKnownFileType = sourcecode.swift; path = FlexViewModel.swift; sourceTree = "<group>"; };
		C994208222792CFC004CF8F5 /* SignUpLocationVC.swift */ = {isa = PBXFileReference; lastKnownFileType = sourcecode.swift; path = SignUpLocationVC.swift; sourceTree = "<group>"; };
		C9A0A3ED224B37290085756E /* SignIn.storyboard */ = {isa = PBXFileReference; lastKnownFileType = file.storyboard; path = SignIn.storyboard; sourceTree = "<group>"; };
		C9A0A3F4224B4E080085756E /* SignInVC.swift */ = {isa = PBXFileReference; lastKnownFileType = sourcecode.swift; path = SignInVC.swift; sourceTree = "<group>"; };
		C9A0A3F6224B55AE0085756E /* appIconImage.png */ = {isa = PBXFileReference; lastKnownFileType = image.png; path = appIconImage.png; sourceTree = "<group>"; };
		C9A0A3F8224B56890085756E /* appIconWhiteImage.png */ = {isa = PBXFileReference; lastKnownFileType = image.png; path = appIconWhiteImage.png; sourceTree = "<group>"; };
		C9A0A3FA224B64860085756E /* buyerIcon.png */ = {isa = PBXFileReference; lastKnownFileType = image.png; path = buyerIcon.png; sourceTree = "<group>"; };
		C9A0A3FC224B648B0085756E /* pawnIcon.png */ = {isa = PBXFileReference; lastKnownFileType = image.png; path = pawnIcon.png; sourceTree = "<group>"; };
		C9A0A3FE224B66140085756E /* SignUpVC.swift */ = {isa = PBXFileReference; lastKnownFileType = sourcecode.swift; path = SignUpVC.swift; sourceTree = "<group>"; };
		C9B76C0C229FEDA300B01DB7 /* WritingSellerHistoryModel.swift */ = {isa = PBXFileReference; lastKnownFileType = sourcecode.swift; path = WritingSellerHistoryModel.swift; sourceTree = "<group>"; };
		C9C2154D2294E34A008F64E4 /* FlexDetailContentVC.swift */ = {isa = PBXFileReference; lastKnownFileType = sourcecode.swift; path = FlexDetailContentVC.swift; sourceTree = "<group>"; };
		C9CA8A712297D45600B5F3B8 /* WritingViewModel.swift */ = {isa = PBXFileReference; lastKnownFileType = sourcecode.swift; path = WritingViewModel.swift; sourceTree = "<group>"; };
		C9CA8A742297F79500B5F3B8 /* WritingSellerVC.swift */ = {isa = PBXFileReference; lastKnownFileType = sourcecode.swift; path = WritingSellerVC.swift; sourceTree = "<group>"; };
		C9CA8A762297F7A300B5F3B8 /* WritingBuyerVC.swift */ = {isa = PBXFileReference; lastKnownFileType = sourcecode.swift; path = WritingBuyerVC.swift; sourceTree = "<group>"; };
		C9CA8A782297FED400B5F3B8 /* WritingSellerViewModel.swift */ = {isa = PBXFileReference; lastKnownFileType = sourcecode.swift; path = WritingSellerViewModel.swift; sourceTree = "<group>"; };
		C9CF5C2922893B300026D5FD /* flexIcon.png */ = {isa = PBXFileReference; lastKnownFileType = image.png; path = flexIcon.png; sourceTree = "<group>"; };
		C9CF5C2B22893B370026D5FD /* goIcon.png */ = {isa = PBXFileReference; lastKnownFileType = image.png; path = goIcon.png; sourceTree = "<group>"; };
		C9F8B4AA227A704900B5F4D9 /* SignInModel.swift */ = {isa = PBXFileReference; lastKnownFileType = sourcecode.swift; name = SignInModel.swift; path = "PawnStars-iOS/Model/Account/SignInModel.swift"; sourceTree = SOURCE_ROOT; };
		C9F8B4AC227A709100B5F4D9 /* ViewModelType.swift */ = {isa = PBXFileReference; lastKnownFileType = sourcecode.swift; path = ViewModelType.swift; sourceTree = "<group>"; };
		C9FAC4262296E5EB000FCE88 /* IsSellerModel.swift */ = {isa = PBXFileReference; lastKnownFileType = sourcecode.swift; path = IsSellerModel.swift; sourceTree = "<group>"; };
		D519196F4F62E43012E16369 /* Pods_PawnStars_iOSTests.framework */ = {isa = PBXFileReference; explicitFileType = wrapper.framework; includeInIndex = 0; path = Pods_PawnStars_iOSTests.framework; sourceTree = BUILT_PRODUCTS_DIR; };
/* End PBXFileReference section */

/* Begin PBXFrameworksBuildPhase section */
		6838C9DE224B0ABE00FB802A /* Frameworks */ = {
			isa = PBXFrameworksBuildPhase;
			buildActionMask = 2147483647;
			files = (
				353E026C46F2466871DDD974 /* Pods_PawnStars_iOS.framework in Frameworks */,
			);
			runOnlyForDeploymentPostprocessing = 0;
		};
		6838C9F5224B0ABF00FB802A /* Frameworks */ = {
			isa = PBXFrameworksBuildPhase;
			buildActionMask = 2147483647;
			files = (
				B2DB809BF5DBE17A1EB73D04 /* Pods_PawnStars_iOSTests.framework in Frameworks */,
			);
			runOnlyForDeploymentPostprocessing = 0;
		};
		6838CA00224B0ABF00FB802A /* Frameworks */ = {
			isa = PBXFrameworksBuildPhase;
			buildActionMask = 2147483647;
			files = (
				E651E6CB4C6E2C74CFAF7D47 /* Pods_PawnStars_iOSUITests.framework in Frameworks */,
			);
			runOnlyForDeploymentPostprocessing = 0;
		};
/* End PBXFrameworksBuildPhase section */

/* Begin PBXGroup section */
		23C219C9BD184531BA0D942B /* Pods */ = {
			isa = PBXGroup;
			children = (
				8D1C88F2C9D77CC8C11F4594 /* Pods-PawnStars-iOS.debug.xcconfig */,
				85AB777F8624D39841C109E8 /* Pods-PawnStars-iOS.release.xcconfig */,
				BD24F9D65AEC7A8D909F0E50 /* Pods-PawnStars-iOSTests.debug.xcconfig */,
				83A749B205217C40CF08841C /* Pods-PawnStars-iOSTests.release.xcconfig */,
				C90D7E2240A283B1606338D3 /* Pods-PawnStars-iOSUITests.debug.xcconfig */,
				1FA07F8B0DAEE704F188AAE8 /* Pods-PawnStars-iOSUITests.release.xcconfig */,
			);
			name = Pods;
			sourceTree = "<group>";
		};
		5CD4CA97D80B6E6D6D35D052 /* Frameworks */ = {
			isa = PBXGroup;
			children = (
				8727BD731E11CF4EB441680F /* Pods_PawnStars_iOS.framework */,
				D519196F4F62E43012E16369 /* Pods_PawnStars_iOSTests.framework */,
				4D4B20795106F1E6B77A1298 /* Pods_PawnStars_iOSUITests.framework */,
			);
			name = Frameworks;
			sourceTree = "<group>";
		};
		682C0BC3225B0C9A00954D25 /* Model */ = {
			isa = PBXGroup;
			children = (
				C90C5AA5229E2200003EB3C9 /* Writing */,
				C991B9922285068E0040CC8B /* Flex */,
				C94D22A62266BAA800395826 /* Account */,
			);
			path = Model;
			sourceTree = "<group>";
		};
		682C0BC4225B0CA400954D25 /* ViewModel */ = {
			isa = PBXGroup;
			children = (
				C9CA8A732297D46500B5F3B8 /* Write */,
				C991B99722856BD00040CC8B /* Flex */,
				C94D22992266BA0000395826 /* SignInViewModel.swift */,
				C94D229B2266BA1100395826 /* SignUpViewModel.swift */,
			);
			path = ViewModel;
			sourceTree = "<group>";
		};
		6838C9D8224B0ABE00FB802A = {
			isa = PBXGroup;
			children = (
				6838C9E3224B0ABE00FB802A /* PawnStars-iOS */,
				6838C9FB224B0ABF00FB802A /* PawnStars-iOSTests */,
				6838CA06224B0ABF00FB802A /* PawnStars-iOSUITests */,
				6838C9E2224B0ABE00FB802A /* Products */,
				23C219C9BD184531BA0D942B /* Pods */,
				5CD4CA97D80B6E6D6D35D052 /* Frameworks */,
				C9F8B4A5227A6ED700B5F4D9 /* Recovered References */,
			);
			sourceTree = "<group>";
		};
		6838C9E2224B0ABE00FB802A /* Products */ = {
			isa = PBXGroup;
			children = (
				6838C9E1224B0ABE00FB802A /* PawnStars-iOS.app */,
				6838C9F8224B0ABF00FB802A /* PawnStars-iOSTests.xctest */,
				6838CA03224B0ABF00FB802A /* PawnStars-iOSUITests.xctest */,
			);
			name = Products;
			sourceTree = "<group>";
		};
		6838C9E3224B0ABE00FB802A /* PawnStars-iOS */ = {
			isa = PBXGroup;
			children = (
				6850D40A226461EF00536F9A /* Network */,
				682C0BC4225B0CA400954D25 /* ViewModel */,
				682C0BC3225B0C9A00954D25 /* Model */,
				C9A0A3F0224B382C0085756E /* Image */,
				6838CA15224B0ADD00FB802A /* Util */,
				6838CA17224B0AEF00FB802A /* UI */,
				6838CA16224B0AE500FB802A /* VC */,
				6838C9E4224B0ABE00FB802A /* AppDelegate.swift */,
				6838C9EE224B0ABF00FB802A /* Assets.xcassets */,
				6838C9F0224B0ABF00FB802A /* LaunchScreen.storyboard */,
				6838C9F3224B0ABF00FB802A /* Info.plist */,
				6838C9EB224B0ABE00FB802A /* PawnStars_iOS.xcdatamodeld */,
			);
			path = "PawnStars-iOS";
			sourceTree = "<group>";
		};
		6838C9FB224B0ABF00FB802A /* PawnStars-iOSTests */ = {
			isa = PBXGroup;
			children = (
				6838C9FC224B0ABF00FB802A /* PawnStars_iOSTests.swift */,
				6838C9FE224B0ABF00FB802A /* Info.plist */,
			);
			path = "PawnStars-iOSTests";
			sourceTree = "<group>";
		};
		6838CA06224B0ABF00FB802A /* PawnStars-iOSUITests */ = {
			isa = PBXGroup;
			children = (
				6838CA07224B0ABF00FB802A /* PawnStars_iOSUITests.swift */,
				6838CA09224B0ABF00FB802A /* Info.plist */,
			);
			path = "PawnStars-iOSUITests";
			sourceTree = "<group>";
		};
		6838CA15224B0ADD00FB802A /* Util */ = {
			isa = PBXGroup;
			children = (
				6838CA32224B178E00FB802A /* Shape.swift */,
				6838CA34224B179700FB802A /* Base.swift */,
				6838CA36224B17A700FB802A /* Colors.swift */,
				C9F8B4AC227A709100B5F4D9 /* ViewModelType.swift */,
				C99061792296A85A00FBAB64 /* RxExtensions.swift */,
			);
			path = Util;
			sourceTree = "<group>";
		};
		6838CA16224B0AE500FB802A /* VC */ = {
			isa = PBXGroup;
			children = (
				C9A0A3F3224B4DEE0085756E /* SignIn */,
				6838CA23224B137D00FB802A /* PawnList */,
				6838CA24224B139400FB802A /* Flex */,
				6838CA25224B139A00FB802A /* Chatting */,
				6838CA26224B13A200FB802A /* Writing */,
				6838CA27224B13BC00FB802A /* MyPage */,
				6838C9E6224B0ABE00FB802A /* MainVC.swift */,
			);
			path = VC;
			sourceTree = "<group>";
		};
		6838CA17224B0AEF00FB802A /* UI */ = {
			isa = PBXGroup;
			children = (
				6838C9E8224B0ABE00FB802A /* Main.storyboard */,
				6838CA19224B112500FB802A /* PawnList.storyboard */,
				6838CA21224B12B300FB802A /* Flex.storyboard */,
				6838CA1B224B113700FB802A /* Chatting.storyboard */,
				6838CA1D224B117F00FB802A /* Writing.storyboard */,
				6838CA1F224B11E700FB802A /* MyPage.storyboard */,
				C9A0A3ED224B37290085756E /* SignIn.storyboard */,
			);
			path = UI;
			sourceTree = "<group>";
		};
		6838CA23224B137D00FB802A /* PawnList */ = {
			isa = PBXGroup;
			children = (
				6838CA28224B143900FB802A /* PawnListVC.swift */,
			);
			path = PawnList;
			sourceTree = "<group>";
		};
		6838CA24224B139400FB802A /* Flex */ = {
			isa = PBXGroup;
			children = (
				6838CA2A224B146700FB802A /* FlexVC.swift */,
				C900977322919D2300275B58 /* FlexDetailVC.swift */,
				C9C2154D2294E34A008F64E4 /* FlexDetailContentVC.swift */,
			);
			path = Flex;
			sourceTree = "<group>";
		};
		6838CA25224B139A00FB802A /* Chatting */ = {
			isa = PBXGroup;
			children = (
				6838CA2C224B149900FB802A /* ChattingVC.swift */,
			);
			path = Chatting;
			sourceTree = "<group>";
		};
		6838CA26224B13A200FB802A /* Writing */ = {
			isa = PBXGroup;
			children = (
				6838CA2E224B14AC00FB802A /* WritingVC.swift */,
				C9CA8A742297F79500B5F3B8 /* WritingSellerVC.swift */,
				C9CA8A762297F7A300B5F3B8 /* WritingBuyerVC.swift */,
			);
			path = Writing;
			sourceTree = "<group>";
		};
		6838CA27224B13BC00FB802A /* MyPage */ = {
			isa = PBXGroup;
			children = (
				6838CA30224B14DC00FB802A /* MyPageVC.swift */,
			);
			path = MyPage;
			sourceTree = "<group>";
		};
		684448F7224D9E3F00B5A002 /* PawnList */ = {
			isa = PBXGroup;
			children = (
				684448FA224D9EFB00B5A002 /* filterIcon.png */,
				684448FC224D9EFB00B5A002 /* filterIcon@2x.png */,
				684448FB224D9EFB00B5A002 /* filterIcon@3x.png */,
				68444903224DA8FE00B5A002 /* locationIcon.png */,
				68444901224DA8FD00B5A002 /* locationIcon@2x.png */,
				68444902224DA8FE00B5A002 /* locationIcon@3x.png */,
			);
			path = PawnList;
			sourceTree = "<group>";
		};
		684448F8224D9E4900B5A002 /* Signin */ = {
			isa = PBXGroup;
			children = (
				C9A0A3F8224B56890085756E /* appIconWhiteImage.png */,
				C9A0A3FA224B64860085756E /* buyerIcon.png */,
				C9A0A3FC224B648B0085756E /* pawnIcon.png */,
				C9A0A3F6224B55AE0085756E /* appIconImage.png */,
			);
			path = Signin;
			sourceTree = "<group>";
		};
		6850D40A226461EF00536F9A /* Network */ = {
			isa = PBXGroup;
			children = (
				683A20DC2266A25000CBF74A /* Connector.swift */,
				683A20DE2266AEBF00CBF74A /* Api.swift */,
				6850D40B2264628600536F9A /* API */,
			);
			path = Network;
			sourceTree = "<group>";
		};
		6850D40B2264628600536F9A /* API */ = {
			isa = PBXGroup;
			children = (
				6850D40C2264632B00536F9A /* APIProtocol.swift */,
				C94D22AD226701AF00395826 /* AccountAPI.swift */,
				C991B99522855E730040CC8B /* FlexAPI.swift */,
				C90C5AA3229E1F6E003EB3C9 /* WritingAPI.swift */,
			);
			path = API;
			sourceTree = "<group>";
		};
		C90C5AA5229E2200003EB3C9 /* Writing */ = {
			isa = PBXGroup;
			children = (
				C90C5AA6229E2211003EB3C9 /* WritingSellerModel.swift */,
				C9B76C0C229FEDA300B01DB7 /* WritingSellerHistoryModel.swift */,
			);
			path = Writing;
			sourceTree = "<group>";
		};
		C94D22A62266BAA800395826 /* Account */ = {
			isa = PBXGroup;
			children = (
				C9F8B4AA227A704900B5F4D9 /* SignInModel.swift */,
			);
			path = Account;
			sourceTree = "<group>";
		};
		C991B9922285068E0040CC8B /* Flex */ = {
			isa = PBXGroup;
			children = (
				C991B993228506A20040CC8B /* FlexListModel.swift */,
				C91805B0228E4E3900C0F0D5 /* FlexDetailModel.swift */,
			);
			path = Flex;
			sourceTree = "<group>";
		};
		C991B99722856BD00040CC8B /* Flex */ = {
			isa = PBXGroup;
			children = (
				C991B99822856C670040CC8B /* FlexViewModel.swift */,
				C900977122919CEB00275B58 /* FlexDetailViewModel.swift */,
				C990617722962E3000FBAB64 /* FlexDetailContentViewModel.swift */,
			);
			path = Flex;
			sourceTree = "<group>";
		};
		C9A0A3F0224B382C0085756E /* Image */ = {
			isa = PBXGroup;
			children = (
				C9CF5C2422893B010026D5FD /* Flex */,
				684448F8224D9E4900B5A002 /* Signin */,
				684448F7224D9E3F00B5A002 /* PawnList */,
			);
			path = Image;
			sourceTree = "<group>";
		};
		C9A0A3F3224B4DEE0085756E /* SignIn */ = {
			isa = PBXGroup;
			children = (
				C9A0A3F4224B4E080085756E /* SignInVC.swift */,
				C9A0A3FE224B66140085756E /* SignUpVC.swift */,
				C94D22A82266F60100395826 /* SignUpContentFirstVC.swift */,
				C94D22A72266F60100395826 /* SignUpContentSecondVC.swift */,
				C994208222792CFC004CF8F5 /* SignUpLocationVC.swift */,
			);
			path = SignIn;
			sourceTree = "<group>";
		};
		C9CA8A732297D46500B5F3B8 /* Write */ = {
			isa = PBXGroup;
			children = (
				C9CA8A712297D45600B5F3B8 /* WritingViewModel.swift */,
				C9CA8A782297FED400B5F3B8 /* WritingSellerViewModel.swift */,
			);
			path = Write;
			sourceTree = "<group>";
		};
		C9CF5C2422893B010026D5FD /* Flex */ = {
			isa = PBXGroup;
			children = (
				C990617522961E6600FBAB64 /* grayFlexIcon.png */,
				C9CF5C2922893B300026D5FD /* flexIcon.png */,
				C9CF5C2B22893B370026D5FD /* goIcon.png */,
			);
			path = Flex;
			sourceTree = "<group>";
		};
		C9F8B4A5227A6ED700B5F4D9 /* Recovered References */ = {
			isa = PBXGroup;
			children = (
				683A20E02266AF3100CBF74A /* ApiResponses.swift */,
			);
			name = "Recovered References";
			sourceTree = "<group>";
		};
		C9FAC4252296E5C7000FCE88 /* Account */ = {
			isa = PBXGroup;
			children = (
				C9F8B4AA227A704900B5F4D9 /* SignInModel.swift */,
				C9FAC4262296E5EB000FCE88 /* IsSellerModel.swift */,
			);
			path = Account;
			sourceTree = "<group>";
		};
/* End PBXGroup section */

/* Begin PBXNativeTarget section */
		6838C9E0224B0ABE00FB802A /* PawnStars-iOS */ = {
			isa = PBXNativeTarget;
			buildConfigurationList = 6838CA0C224B0ABF00FB802A /* Build configuration list for PBXNativeTarget "PawnStars-iOS" */;
			buildPhases = (
				8E587CB33237BFD730CE45ED /* [CP] Check Pods Manifest.lock */,
				6838C9DD224B0ABE00FB802A /* Sources */,
				6838C9DE224B0ABE00FB802A /* Frameworks */,
				6838C9DF224B0ABE00FB802A /* Resources */,
				0C41BA218371A527B61338F5 /* [CP] Embed Pods Frameworks */,
			);
			buildRules = (
			);
			dependencies = (
			);
			name = "PawnStars-iOS";
			productName = "PawnStars-iOS";
			productReference = 6838C9E1224B0ABE00FB802A /* PawnStars-iOS.app */;
			productType = "com.apple.product-type.application";
		};
		6838C9F7224B0ABF00FB802A /* PawnStars-iOSTests */ = {
			isa = PBXNativeTarget;
			buildConfigurationList = 6838CA0F224B0ABF00FB802A /* Build configuration list for PBXNativeTarget "PawnStars-iOSTests" */;
			buildPhases = (
				5C0ABA726D1E512D7D24647E /* [CP] Check Pods Manifest.lock */,
				6838C9F4224B0ABF00FB802A /* Sources */,
				6838C9F5224B0ABF00FB802A /* Frameworks */,
				6838C9F6224B0ABF00FB802A /* Resources */,
			);
			buildRules = (
			);
			dependencies = (
				6838C9FA224B0ABF00FB802A /* PBXTargetDependency */,
			);
			name = "PawnStars-iOSTests";
			productName = "PawnStars-iOSTests";
			productReference = 6838C9F8224B0ABF00FB802A /* PawnStars-iOSTests.xctest */;
			productType = "com.apple.product-type.bundle.unit-test";
		};
		6838CA02224B0ABF00FB802A /* PawnStars-iOSUITests */ = {
			isa = PBXNativeTarget;
			buildConfigurationList = 6838CA12224B0ABF00FB802A /* Build configuration list for PBXNativeTarget "PawnStars-iOSUITests" */;
			buildPhases = (
				0CF1DFF1635D79A3BFBB7D86 /* [CP] Check Pods Manifest.lock */,
				6838C9FF224B0ABF00FB802A /* Sources */,
				6838CA00224B0ABF00FB802A /* Frameworks */,
				6838CA01224B0ABF00FB802A /* Resources */,
			);
			buildRules = (
			);
			dependencies = (
				6838CA05224B0ABF00FB802A /* PBXTargetDependency */,
			);
			name = "PawnStars-iOSUITests";
			productName = "PawnStars-iOSUITests";
			productReference = 6838CA03224B0ABF00FB802A /* PawnStars-iOSUITests.xctest */;
			productType = "com.apple.product-type.bundle.ui-testing";
		};
/* End PBXNativeTarget section */

/* Begin PBXProject section */
		6838C9D9224B0ABE00FB802A /* Project object */ = {
			isa = PBXProject;
			attributes = {
				LastSwiftUpdateCheck = 1010;
				LastUpgradeCheck = 1010;
				ORGANIZATIONNAME = PawnStars;
				TargetAttributes = {
					6838C9E0224B0ABE00FB802A = {
						CreatedOnToolsVersion = 10.1;
					};
					6838C9F7224B0ABF00FB802A = {
						CreatedOnToolsVersion = 10.1;
						TestTargetID = 6838C9E0224B0ABE00FB802A;
					};
					6838CA02224B0ABF00FB802A = {
						CreatedOnToolsVersion = 10.1;
						TestTargetID = 6838C9E0224B0ABE00FB802A;
					};
				};
			};
			buildConfigurationList = 6838C9DC224B0ABE00FB802A /* Build configuration list for PBXProject "PawnStars-iOS" */;
			compatibilityVersion = "Xcode 9.3";
			developmentRegion = en;
			hasScannedForEncodings = 0;
			knownRegions = (
				en,
				Base,
			);
			mainGroup = 6838C9D8224B0ABE00FB802A;
			productRefGroup = 6838C9E2224B0ABE00FB802A /* Products */;
			projectDirPath = "";
			projectRoot = "";
			targets = (
				6838C9E0224B0ABE00FB802A /* PawnStars-iOS */,
				6838C9F7224B0ABF00FB802A /* PawnStars-iOSTests */,
				6838CA02224B0ABF00FB802A /* PawnStars-iOSUITests */,
			);
		};
/* End PBXProject section */

/* Begin PBXResourcesBuildPhase section */
		6838C9DF224B0ABE00FB802A /* Resources */ = {
			isa = PBXResourcesBuildPhase;
			buildActionMask = 2147483647;
			files = (
				6838CA1A224B112500FB802A /* PawnList.storyboard in Resources */,
				6838CA1E224B117F00FB802A /* Writing.storyboard in Resources */,
				6838C9F2224B0ABF00FB802A /* LaunchScreen.storyboard in Resources */,
				C9A0A3F9224B568A0085756E /* appIconWhiteImage.png in Resources */,
				68444904224DA8FE00B5A002 /* locationIcon@2x.png in Resources */,
				68444905224DA8FE00B5A002 /* locationIcon@3x.png in Resources */,
				6838C9EF224B0ABF00FB802A /* Assets.xcassets in Resources */,
				68444906224DA8FE00B5A002 /* locationIcon.png in Resources */,
				684448FD224D9EFB00B5A002 /* filterIcon.png in Resources */,
				C9A0A3EE224B37290085756E /* SignIn.storyboard in Resources */,
				6838CA20224B11E700FB802A /* MyPage.storyboard in Resources */,
				C9A0A3FD224B648B0085756E /* pawnIcon.png in Resources */,
				684448FE224D9EFB00B5A002 /* filterIcon@3x.png in Resources */,
				C990617622961E6700FBAB64 /* grayFlexIcon.png in Resources */,
				6838CA22224B12B300FB802A /* Flex.storyboard in Resources */,
				C9A0A3FB224B64860085756E /* buyerIcon.png in Resources */,
				68444900224DA27D00B5A002 /* filterIcon@2x.png in Resources */,
				C9CF5C2C22893B370026D5FD /* goIcon.png in Resources */,
				6838CA1C224B113700FB802A /* Chatting.storyboard in Resources */,
				6838C9EA224B0ABE00FB802A /* Main.storyboard in Resources */,
				C9A0A3F7224B55AE0085756E /* appIconImage.png in Resources */,
				C9CF5C2A22893B300026D5FD /* flexIcon.png in Resources */,
			);
			runOnlyForDeploymentPostprocessing = 0;
		};
		6838C9F6224B0ABF00FB802A /* Resources */ = {
			isa = PBXResourcesBuildPhase;
			buildActionMask = 2147483647;
			files = (
			);
			runOnlyForDeploymentPostprocessing = 0;
		};
		6838CA01224B0ABF00FB802A /* Resources */ = {
			isa = PBXResourcesBuildPhase;
			buildActionMask = 2147483647;
			files = (
			);
			runOnlyForDeploymentPostprocessing = 0;
		};
/* End PBXResourcesBuildPhase section */

/* Begin PBXShellScriptBuildPhase section */
		0C41BA218371A527B61338F5 /* [CP] Embed Pods Frameworks */ = {
			isa = PBXShellScriptBuildPhase;
			buildActionMask = 2147483647;
			files = (
			);
			inputFileListPaths = (
			);
			inputPaths = (
				"${SRCROOT}/Pods/Target Support Files/Pods-PawnStars-iOS/Pods-PawnStars-iOS-frameworks.sh",
				"${BUILT_PRODUCTS_DIR}/Alamofire/Alamofire.framework",
				"${BUILT_PRODUCTS_DIR}/DLRadioButton/DLRadioButton.framework",
				"${BUILT_PRODUCTS_DIR}/Differentiator/Differentiator.framework",
				"${BUILT_PRODUCTS_DIR}/Kingfisher/Kingfisher.framework",
				"${BUILT_PRODUCTS_DIR}/RxAlamofire/RxAlamofire.framework",
				"${BUILT_PRODUCTS_DIR}/RxCocoa/RxCocoa.framework",
				"${BUILT_PRODUCTS_DIR}/RxDataSources/RxDataSources.framework",
				"${BUILT_PRODUCTS_DIR}/RxOptional/RxOptional.framework",
				"${BUILT_PRODUCTS_DIR}/RxSwift/RxSwift.framework",
				"${BUILT_PRODUCTS_DIR}/TextFieldEffects/TextFieldEffects.framework",
				"${BUILT_PRODUCTS_DIR}/XLPagerTabStrip/XLPagerTabStrip.framework",
			);
			name = "[CP] Embed Pods Frameworks";
			outputFileListPaths = (
			);
			outputPaths = (
				"${TARGET_BUILD_DIR}/${FRAMEWORKS_FOLDER_PATH}/Alamofire.framework",
				"${TARGET_BUILD_DIR}/${FRAMEWORKS_FOLDER_PATH}/DLRadioButton.framework",
				"${TARGET_BUILD_DIR}/${FRAMEWORKS_FOLDER_PATH}/Differentiator.framework",
				"${TARGET_BUILD_DIR}/${FRAMEWORKS_FOLDER_PATH}/Kingfisher.framework",
				"${TARGET_BUILD_DIR}/${FRAMEWORKS_FOLDER_PATH}/RxAlamofire.framework",
				"${TARGET_BUILD_DIR}/${FRAMEWORKS_FOLDER_PATH}/RxCocoa.framework",
				"${TARGET_BUILD_DIR}/${FRAMEWORKS_FOLDER_PATH}/RxDataSources.framework",
				"${TARGET_BUILD_DIR}/${FRAMEWORKS_FOLDER_PATH}/RxOptional.framework",
				"${TARGET_BUILD_DIR}/${FRAMEWORKS_FOLDER_PATH}/RxSwift.framework",
				"${TARGET_BUILD_DIR}/${FRAMEWORKS_FOLDER_PATH}/TextFieldEffects.framework",
				"${TARGET_BUILD_DIR}/${FRAMEWORKS_FOLDER_PATH}/XLPagerTabStrip.framework",
			);
			runOnlyForDeploymentPostprocessing = 0;
			shellPath = /bin/sh;
			shellScript = "\"${SRCROOT}/Pods/Target Support Files/Pods-PawnStars-iOS/Pods-PawnStars-iOS-frameworks.sh\"\n";
			showEnvVarsInLog = 0;
		};
		0CF1DFF1635D79A3BFBB7D86 /* [CP] Check Pods Manifest.lock */ = {
			isa = PBXShellScriptBuildPhase;
			buildActionMask = 2147483647;
			files = (
			);
			inputFileListPaths = (
			);
			inputPaths = (
				"${PODS_PODFILE_DIR_PATH}/Podfile.lock",
				"${PODS_ROOT}/Manifest.lock",
			);
			name = "[CP] Check Pods Manifest.lock";
			outputFileListPaths = (
			);
			outputPaths = (
				"$(DERIVED_FILE_DIR)/Pods-PawnStars-iOSUITests-checkManifestLockResult.txt",
			);
			runOnlyForDeploymentPostprocessing = 0;
			shellPath = /bin/sh;
			shellScript = "diff \"${PODS_PODFILE_DIR_PATH}/Podfile.lock\" \"${PODS_ROOT}/Manifest.lock\" > /dev/null\nif [ $? != 0 ] ; then\n    # print error to STDERR\n    echo \"error: The sandbox is not in sync with the Podfile.lock. Run 'pod install' or update your CocoaPods installation.\" >&2\n    exit 1\nfi\n# This output is used by Xcode 'outputs' to avoid re-running this script phase.\necho \"SUCCESS\" > \"${SCRIPT_OUTPUT_FILE_0}\"\n";
			showEnvVarsInLog = 0;
		};
		5C0ABA726D1E512D7D24647E /* [CP] Check Pods Manifest.lock */ = {
			isa = PBXShellScriptBuildPhase;
			buildActionMask = 2147483647;
			files = (
			);
			inputFileListPaths = (
			);
			inputPaths = (
				"${PODS_PODFILE_DIR_PATH}/Podfile.lock",
				"${PODS_ROOT}/Manifest.lock",
			);
			name = "[CP] Check Pods Manifest.lock";
			outputFileListPaths = (
			);
			outputPaths = (
				"$(DERIVED_FILE_DIR)/Pods-PawnStars-iOSTests-checkManifestLockResult.txt",
			);
			runOnlyForDeploymentPostprocessing = 0;
			shellPath = /bin/sh;
			shellScript = "diff \"${PODS_PODFILE_DIR_PATH}/Podfile.lock\" \"${PODS_ROOT}/Manifest.lock\" > /dev/null\nif [ $? != 0 ] ; then\n    # print error to STDERR\n    echo \"error: The sandbox is not in sync with the Podfile.lock. Run 'pod install' or update your CocoaPods installation.\" >&2\n    exit 1\nfi\n# This output is used by Xcode 'outputs' to avoid re-running this script phase.\necho \"SUCCESS\" > \"${SCRIPT_OUTPUT_FILE_0}\"\n";
			showEnvVarsInLog = 0;
		};
		8E587CB33237BFD730CE45ED /* [CP] Check Pods Manifest.lock */ = {
			isa = PBXShellScriptBuildPhase;
			buildActionMask = 2147483647;
			files = (
			);
			inputFileListPaths = (
			);
			inputPaths = (
				"${PODS_PODFILE_DIR_PATH}/Podfile.lock",
				"${PODS_ROOT}/Manifest.lock",
			);
			name = "[CP] Check Pods Manifest.lock";
			outputFileListPaths = (
			);
			outputPaths = (
				"$(DERIVED_FILE_DIR)/Pods-PawnStars-iOS-checkManifestLockResult.txt",
			);
			runOnlyForDeploymentPostprocessing = 0;
			shellPath = /bin/sh;
			shellScript = "diff \"${PODS_PODFILE_DIR_PATH}/Podfile.lock\" \"${PODS_ROOT}/Manifest.lock\" > /dev/null\nif [ $? != 0 ] ; then\n    # print error to STDERR\n    echo \"error: The sandbox is not in sync with the Podfile.lock. Run 'pod install' or update your CocoaPods installation.\" >&2\n    exit 1\nfi\n# This output is used by Xcode 'outputs' to avoid re-running this script phase.\necho \"SUCCESS\" > \"${SCRIPT_OUTPUT_FILE_0}\"\n";
			showEnvVarsInLog = 0;
		};
/* End PBXShellScriptBuildPhase section */

/* Begin PBXSourcesBuildPhase section */
		6838C9DD224B0ABE00FB802A /* Sources */ = {
			isa = PBXSourcesBuildPhase;
			buildActionMask = 2147483647;
			files = (
				C9CA8A752297F79500B5F3B8 /* WritingSellerVC.swift in Sources */,
				C9B76C0D229FEDA300B01DB7 /* WritingSellerHistoryModel.swift in Sources */,
				C9FAC4272296E5EB000FCE88 /* IsSellerModel.swift in Sources */,
				683A20DF2266AEBF00CBF74A /* Api.swift in Sources */,
				C990617A2296A85A00FBAB64 /* RxExtensions.swift in Sources */,
				6838CA2F224B14AC00FB802A /* WritingVC.swift in Sources */,
				C94D229C2266BA1100395826 /* SignUpViewModel.swift in Sources */,
				C94D22A92266F60100395826 /* SignUpContentSecondVC.swift in Sources */,
				6838C9ED224B0ABE00FB802A /* PawnStars_iOS.xcdatamodeld in Sources */,
				C9CA8A722297D45700B5F3B8 /* WritingViewModel.swift in Sources */,
				C991B99922856C670040CC8B /* FlexViewModel.swift in Sources */,
				C94D22AA2266F60100395826 /* SignUpContentFirstVC.swift in Sources */,
				C900977422919D2300275B58 /* FlexDetailVC.swift in Sources */,
				C9F8B4AB227A704900B5F4D9 /* SignInModel.swift in Sources */,
				C9A0A3F5224B4E080085756E /* SignInVC.swift in Sources */,
				C9C2154E2294E34A008F64E4 /* FlexDetailContentVC.swift in Sources */,
				C94D229A2266BA0000395826 /* SignInViewModel.swift in Sources */,
				6838CA37224B17A700FB802A /* Colors.swift in Sources */,
				C9CA8A792297FED400B5F3B8 /* WritingSellerViewModel.swift in Sources */,
				6838CA35224B179700FB802A /* Base.swift in Sources */,
				C990617822962E3000FBAB64 /* FlexDetailContentViewModel.swift in Sources */,
				C9F8B4AD227A709100B5F4D9 /* ViewModelType.swift in Sources */,
				6838CA2B224B146700FB802A /* FlexVC.swift in Sources */,
				C9CA8A772297F7A300B5F3B8 /* WritingBuyerVC.swift in Sources */,
				C900977222919CEB00275B58 /* FlexDetailViewModel.swift in Sources */,
				6838C9E7224B0ABE00FB802A /* MainVC.swift in Sources */,
				6838CA33224B178E00FB802A /* Shape.swift in Sources */,
				6850D40D2264632B00536F9A /* APIProtocol.swift in Sources */,
				683A20E12266AF3100CBF74A /* ApiResponses.swift in Sources */,
				6838CA29224B143900FB802A /* PawnListVC.swift in Sources */,
				C90C5AA7229E2211003EB3C9 /* WritingSellerModel.swift in Sources */,
				C991B994228506A20040CC8B /* FlexListModel.swift in Sources */,
				C994208322792CFC004CF8F5 /* SignUpLocationVC.swift in Sources */,
				C94D22AE226701AF00395826 /* AccountAPI.swift in Sources */,
				6838CA31224B14DC00FB802A /* MyPageVC.swift in Sources */,
				C9A0A3FF224B66140085756E /* SignUpVC.swift in Sources */,
				C90C5AA4229E1F6E003EB3C9 /* WritingAPI.swift in Sources */,
				683A20DD2266A25000CBF74A /* Connector.swift in Sources */,
				C91805B1228E4E3900C0F0D5 /* FlexDetailModel.swift in Sources */,
				6838CA2D224B149900FB802A /* ChattingVC.swift in Sources */,
				6838C9E5224B0ABE00FB802A /* AppDelegate.swift in Sources */,
				C991B99622855E730040CC8B /* FlexAPI.swift in Sources */,
			);
			runOnlyForDeploymentPostprocessing = 0;
		};
		6838C9F4224B0ABF00FB802A /* Sources */ = {
			isa = PBXSourcesBuildPhase;
			buildActionMask = 2147483647;
			files = (
				6838C9FD224B0ABF00FB802A /* PawnStars_iOSTests.swift in Sources */,
			);
			runOnlyForDeploymentPostprocessing = 0;
		};
		6838C9FF224B0ABF00FB802A /* Sources */ = {
			isa = PBXSourcesBuildPhase;
			buildActionMask = 2147483647;
			files = (
				6838CA08224B0ABF00FB802A /* PawnStars_iOSUITests.swift in Sources */,
			);
			runOnlyForDeploymentPostprocessing = 0;
		};
/* End PBXSourcesBuildPhase section */

/* Begin PBXTargetDependency section */
		6838C9FA224B0ABF00FB802A /* PBXTargetDependency */ = {
			isa = PBXTargetDependency;
			target = 6838C9E0224B0ABE00FB802A /* PawnStars-iOS */;
			targetProxy = 6838C9F9224B0ABF00FB802A /* PBXContainerItemProxy */;
		};
		6838CA05224B0ABF00FB802A /* PBXTargetDependency */ = {
			isa = PBXTargetDependency;
			target = 6838C9E0224B0ABE00FB802A /* PawnStars-iOS */;
			targetProxy = 6838CA04224B0ABF00FB802A /* PBXContainerItemProxy */;
		};
/* End PBXTargetDependency section */

/* Begin PBXVariantGroup section */
		6838C9E8224B0ABE00FB802A /* Main.storyboard */ = {
			isa = PBXVariantGroup;
			children = (
				6838C9E9224B0ABE00FB802A /* Base */,
			);
			name = Main.storyboard;
			sourceTree = "<group>";
		};
		6838C9F0224B0ABF00FB802A /* LaunchScreen.storyboard */ = {
			isa = PBXVariantGroup;
			children = (
				6838C9F1224B0ABF00FB802A /* Base */,
			);
			name = LaunchScreen.storyboard;
			sourceTree = "<group>";
		};
/* End PBXVariantGroup section */

/* Begin XCBuildConfiguration section */
		6838CA0A224B0ABF00FB802A /* Debug */ = {
			isa = XCBuildConfiguration;
			buildSettings = {
				ALWAYS_SEARCH_USER_PATHS = NO;
				CLANG_ANALYZER_NONNULL = YES;
				CLANG_ANALYZER_NUMBER_OBJECT_CONVERSION = YES_AGGRESSIVE;
				CLANG_CXX_LANGUAGE_STANDARD = "gnu++14";
				CLANG_CXX_LIBRARY = "libc++";
				CLANG_ENABLE_MODULES = YES;
				CLANG_ENABLE_OBJC_ARC = YES;
				CLANG_ENABLE_OBJC_WEAK = YES;
				CLANG_WARN_BLOCK_CAPTURE_AUTORELEASING = YES;
				CLANG_WARN_BOOL_CONVERSION = YES;
				CLANG_WARN_COMMA = YES;
				CLANG_WARN_CONSTANT_CONVERSION = YES;
				CLANG_WARN_DEPRECATED_OBJC_IMPLEMENTATIONS = YES;
				CLANG_WARN_DIRECT_OBJC_ISA_USAGE = YES_ERROR;
				CLANG_WARN_DOCUMENTATION_COMMENTS = YES;
				CLANG_WARN_EMPTY_BODY = YES;
				CLANG_WARN_ENUM_CONVERSION = YES;
				CLANG_WARN_INFINITE_RECURSION = YES;
				CLANG_WARN_INT_CONVERSION = YES;
				CLANG_WARN_NON_LITERAL_NULL_CONVERSION = YES;
				CLANG_WARN_OBJC_IMPLICIT_RETAIN_SELF = YES;
				CLANG_WARN_OBJC_LITERAL_CONVERSION = YES;
				CLANG_WARN_OBJC_ROOT_CLASS = YES_ERROR;
				CLANG_WARN_RANGE_LOOP_ANALYSIS = YES;
				CLANG_WARN_STRICT_PROTOTYPES = YES;
				CLANG_WARN_SUSPICIOUS_MOVE = YES;
				CLANG_WARN_UNGUARDED_AVAILABILITY = YES_AGGRESSIVE;
				CLANG_WARN_UNREACHABLE_CODE = YES;
				CLANG_WARN__DUPLICATE_METHOD_MATCH = YES;
				CODE_SIGN_IDENTITY = "iPhone Developer";
				COPY_PHASE_STRIP = NO;
				DEBUG_INFORMATION_FORMAT = dwarf;
				ENABLE_STRICT_OBJC_MSGSEND = YES;
				ENABLE_TESTABILITY = YES;
				GCC_C_LANGUAGE_STANDARD = gnu11;
				GCC_DYNAMIC_NO_PIC = NO;
				GCC_NO_COMMON_BLOCKS = YES;
				GCC_OPTIMIZATION_LEVEL = 0;
				GCC_PREPROCESSOR_DEFINITIONS = (
					"DEBUG=1",
					"$(inherited)",
				);
				GCC_WARN_64_TO_32_BIT_CONVERSION = YES;
				GCC_WARN_ABOUT_RETURN_TYPE = YES_ERROR;
				GCC_WARN_UNDECLARED_SELECTOR = YES;
				GCC_WARN_UNINITIALIZED_AUTOS = YES_AGGRESSIVE;
				GCC_WARN_UNUSED_FUNCTION = YES;
				GCC_WARN_UNUSED_VARIABLE = YES;
				IPHONEOS_DEPLOYMENT_TARGET = 12.1;
				MTL_ENABLE_DEBUG_INFO = INCLUDE_SOURCE;
				MTL_FAST_MATH = YES;
				ONLY_ACTIVE_ARCH = YES;
				SDKROOT = iphoneos;
				SWIFT_ACTIVE_COMPILATION_CONDITIONS = DEBUG;
				SWIFT_OPTIMIZATION_LEVEL = "-Onone";
			};
			name = Debug;
		};
		6838CA0B224B0ABF00FB802A /* Release */ = {
			isa = XCBuildConfiguration;
			buildSettings = {
				ALWAYS_SEARCH_USER_PATHS = NO;
				CLANG_ANALYZER_NONNULL = YES;
				CLANG_ANALYZER_NUMBER_OBJECT_CONVERSION = YES_AGGRESSIVE;
				CLANG_CXX_LANGUAGE_STANDARD = "gnu++14";
				CLANG_CXX_LIBRARY = "libc++";
				CLANG_ENABLE_MODULES = YES;
				CLANG_ENABLE_OBJC_ARC = YES;
				CLANG_ENABLE_OBJC_WEAK = YES;
				CLANG_WARN_BLOCK_CAPTURE_AUTORELEASING = YES;
				CLANG_WARN_BOOL_CONVERSION = YES;
				CLANG_WARN_COMMA = YES;
				CLANG_WARN_CONSTANT_CONVERSION = YES;
				CLANG_WARN_DEPRECATED_OBJC_IMPLEMENTATIONS = YES;
				CLANG_WARN_DIRECT_OBJC_ISA_USAGE = YES_ERROR;
				CLANG_WARN_DOCUMENTATION_COMMENTS = YES;
				CLANG_WARN_EMPTY_BODY = YES;
				CLANG_WARN_ENUM_CONVERSION = YES;
				CLANG_WARN_INFINITE_RECURSION = YES;
				CLANG_WARN_INT_CONVERSION = YES;
				CLANG_WARN_NON_LITERAL_NULL_CONVERSION = YES;
				CLANG_WARN_OBJC_IMPLICIT_RETAIN_SELF = YES;
				CLANG_WARN_OBJC_LITERAL_CONVERSION = YES;
				CLANG_WARN_OBJC_ROOT_CLASS = YES_ERROR;
				CLANG_WARN_RANGE_LOOP_ANALYSIS = YES;
				CLANG_WARN_STRICT_PROTOTYPES = YES;
				CLANG_WARN_SUSPICIOUS_MOVE = YES;
				CLANG_WARN_UNGUARDED_AVAILABILITY = YES_AGGRESSIVE;
				CLANG_WARN_UNREACHABLE_CODE = YES;
				CLANG_WARN__DUPLICATE_METHOD_MATCH = YES;
				CODE_SIGN_IDENTITY = "iPhone Developer";
				COPY_PHASE_STRIP = NO;
				DEBUG_INFORMATION_FORMAT = "dwarf-with-dsym";
				ENABLE_NS_ASSERTIONS = NO;
				ENABLE_STRICT_OBJC_MSGSEND = YES;
				GCC_C_LANGUAGE_STANDARD = gnu11;
				GCC_NO_COMMON_BLOCKS = YES;
				GCC_WARN_64_TO_32_BIT_CONVERSION = YES;
				GCC_WARN_ABOUT_RETURN_TYPE = YES_ERROR;
				GCC_WARN_UNDECLARED_SELECTOR = YES;
				GCC_WARN_UNINITIALIZED_AUTOS = YES_AGGRESSIVE;
				GCC_WARN_UNUSED_FUNCTION = YES;
				GCC_WARN_UNUSED_VARIABLE = YES;
				IPHONEOS_DEPLOYMENT_TARGET = 12.1;
				MTL_ENABLE_DEBUG_INFO = NO;
				MTL_FAST_MATH = YES;
				SDKROOT = iphoneos;
				SWIFT_COMPILATION_MODE = wholemodule;
				SWIFT_OPTIMIZATION_LEVEL = "-O";
				VALIDATE_PRODUCT = YES;
			};
			name = Release;
		};
		6838CA0D224B0ABF00FB802A /* Debug */ = {
			isa = XCBuildConfiguration;
			baseConfigurationReference = 8D1C88F2C9D77CC8C11F4594 /* Pods-PawnStars-iOS.debug.xcconfig */;
			buildSettings = {
				ASSETCATALOG_COMPILER_APPICON_NAME = AppIcon;
				CODE_SIGN_STYLE = Automatic;
				DEVELOPMENT_TEAM = "";
				INFOPLIST_FILE = "PawnStars-iOS/Info.plist";
				LD_RUNPATH_SEARCH_PATHS = (
					"$(inherited)",
					"@executable_path/Frameworks",
				);
				PRODUCT_BUNDLE_IDENTIFIER = "com.pawnstars.PawnStars-iOS";
				PRODUCT_NAME = "$(TARGET_NAME)";
				SWIFT_VERSION = 4.2;
				TARGETED_DEVICE_FAMILY = "1,2";
			};
			name = Debug;
		};
		6838CA0E224B0ABF00FB802A /* Release */ = {
			isa = XCBuildConfiguration;
			baseConfigurationReference = 85AB777F8624D39841C109E8 /* Pods-PawnStars-iOS.release.xcconfig */;
			buildSettings = {
				ASSETCATALOG_COMPILER_APPICON_NAME = AppIcon;
				CODE_SIGN_STYLE = Automatic;
				DEVELOPMENT_TEAM = "";
				INFOPLIST_FILE = "PawnStars-iOS/Info.plist";
				LD_RUNPATH_SEARCH_PATHS = (
					"$(inherited)",
					"@executable_path/Frameworks",
				);
				PRODUCT_BUNDLE_IDENTIFIER = "com.pawnstars.PawnStars-iOS";
				PRODUCT_NAME = "$(TARGET_NAME)";
				SWIFT_VERSION = 4.2;
				TARGETED_DEVICE_FAMILY = "1,2";
			};
			name = Release;
		};
		6838CA10224B0ABF00FB802A /* Debug */ = {
			isa = XCBuildConfiguration;
			baseConfigurationReference = BD24F9D65AEC7A8D909F0E50 /* Pods-PawnStars-iOSTests.debug.xcconfig */;
			buildSettings = {
				ALWAYS_EMBED_SWIFT_STANDARD_LIBRARIES = YES;
				BUNDLE_LOADER = "$(TEST_HOST)";
				CODE_SIGN_STYLE = Automatic;
				INFOPLIST_FILE = "PawnStars-iOSTests/Info.plist";
				LD_RUNPATH_SEARCH_PATHS = (
					"$(inherited)",
					"@executable_path/Frameworks",
					"@loader_path/Frameworks",
				);
				PRODUCT_BUNDLE_IDENTIFIER = "com.pawnstars.PawnStars-iOSTests";
				PRODUCT_NAME = "$(TARGET_NAME)";
				SWIFT_VERSION = 4.2;
				TARGETED_DEVICE_FAMILY = "1,2";
				TEST_HOST = "$(BUILT_PRODUCTS_DIR)/PawnStars-iOS.app/PawnStars-iOS";
			};
			name = Debug;
		};
		6838CA11224B0ABF00FB802A /* Release */ = {
			isa = XCBuildConfiguration;
			baseConfigurationReference = 83A749B205217C40CF08841C /* Pods-PawnStars-iOSTests.release.xcconfig */;
			buildSettings = {
				ALWAYS_EMBED_SWIFT_STANDARD_LIBRARIES = YES;
				BUNDLE_LOADER = "$(TEST_HOST)";
				CODE_SIGN_STYLE = Automatic;
				INFOPLIST_FILE = "PawnStars-iOSTests/Info.plist";
				LD_RUNPATH_SEARCH_PATHS = (
					"$(inherited)",
					"@executable_path/Frameworks",
					"@loader_path/Frameworks",
				);
				PRODUCT_BUNDLE_IDENTIFIER = "com.pawnstars.PawnStars-iOSTests";
				PRODUCT_NAME = "$(TARGET_NAME)";
				SWIFT_VERSION = 4.2;
				TARGETED_DEVICE_FAMILY = "1,2";
				TEST_HOST = "$(BUILT_PRODUCTS_DIR)/PawnStars-iOS.app/PawnStars-iOS";
			};
			name = Release;
		};
		6838CA13224B0ABF00FB802A /* Debug */ = {
			isa = XCBuildConfiguration;
			baseConfigurationReference = C90D7E2240A283B1606338D3 /* Pods-PawnStars-iOSUITests.debug.xcconfig */;
			buildSettings = {
				ALWAYS_EMBED_SWIFT_STANDARD_LIBRARIES = YES;
				CODE_SIGN_STYLE = Automatic;
				INFOPLIST_FILE = "PawnStars-iOSUITests/Info.plist";
				LD_RUNPATH_SEARCH_PATHS = (
					"$(inherited)",
					"@executable_path/Frameworks",
					"@loader_path/Frameworks",
				);
				PRODUCT_BUNDLE_IDENTIFIER = "com.pawnstars.PawnStars-iOSUITests";
				PRODUCT_NAME = "$(TARGET_NAME)";
				SWIFT_VERSION = 4.2;
				TARGETED_DEVICE_FAMILY = "1,2";
				TEST_TARGET_NAME = "PawnStars-iOS";
			};
			name = Debug;
		};
		6838CA14224B0ABF00FB802A /* Release */ = {
			isa = XCBuildConfiguration;
			baseConfigurationReference = 1FA07F8B0DAEE704F188AAE8 /* Pods-PawnStars-iOSUITests.release.xcconfig */;
			buildSettings = {
				ALWAYS_EMBED_SWIFT_STANDARD_LIBRARIES = YES;
				CODE_SIGN_STYLE = Automatic;
				INFOPLIST_FILE = "PawnStars-iOSUITests/Info.plist";
				LD_RUNPATH_SEARCH_PATHS = (
					"$(inherited)",
					"@executable_path/Frameworks",
					"@loader_path/Frameworks",
				);
				PRODUCT_BUNDLE_IDENTIFIER = "com.pawnstars.PawnStars-iOSUITests";
				PRODUCT_NAME = "$(TARGET_NAME)";
				SWIFT_VERSION = 4.2;
				TARGETED_DEVICE_FAMILY = "1,2";
				TEST_TARGET_NAME = "PawnStars-iOS";
			};
			name = Release;
		};
/* End XCBuildConfiguration section */

/* Begin XCConfigurationList section */
		6838C9DC224B0ABE00FB802A /* Build configuration list for PBXProject "PawnStars-iOS" */ = {
			isa = XCConfigurationList;
			buildConfigurations = (
				6838CA0A224B0ABF00FB802A /* Debug */,
				6838CA0B224B0ABF00FB802A /* Release */,
			);
			defaultConfigurationIsVisible = 0;
			defaultConfigurationName = Release;
		};
		6838CA0C224B0ABF00FB802A /* Build configuration list for PBXNativeTarget "PawnStars-iOS" */ = {
			isa = XCConfigurationList;
			buildConfigurations = (
				6838CA0D224B0ABF00FB802A /* Debug */,
				6838CA0E224B0ABF00FB802A /* Release */,
			);
			defaultConfigurationIsVisible = 0;
			defaultConfigurationName = Release;
		};
		6838CA0F224B0ABF00FB802A /* Build configuration list for PBXNativeTarget "PawnStars-iOSTests" */ = {
			isa = XCConfigurationList;
			buildConfigurations = (
				6838CA10224B0ABF00FB802A /* Debug */,
				6838CA11224B0ABF00FB802A /* Release */,
			);
			defaultConfigurationIsVisible = 0;
			defaultConfigurationName = Release;
		};
		6838CA12224B0ABF00FB802A /* Build configuration list for PBXNativeTarget "PawnStars-iOSUITests" */ = {
			isa = XCConfigurationList;
			buildConfigurations = (
				6838CA13224B0ABF00FB802A /* Debug */,
				6838CA14224B0ABF00FB802A /* Release */,
			);
			defaultConfigurationIsVisible = 0;
			defaultConfigurationName = Release;
		};
/* End XCConfigurationList section */

/* Begin XCVersionGroup section */
		6838C9EB224B0ABE00FB802A /* PawnStars_iOS.xcdatamodeld */ = {
			isa = XCVersionGroup;
			children = (
				6838C9EC224B0ABE00FB802A /* PawnStars_iOS.xcdatamodel */,
			);
			currentVersion = 6838C9EC224B0ABE00FB802A /* PawnStars_iOS.xcdatamodel */;
			path = PawnStars_iOS.xcdatamodeld;
			sourceTree = "<group>";
			versionGroupType = wrapper.xcdatamodel;
		};
/* End XCVersionGroup section */
	};
	rootObject = 6838C9D9224B0ABE00FB802A /* Project object */;
}
